{
    "_readme": [
        "This file locks the dependencies of your project to a known state",
        "Read more about it at https://getcomposer.org/doc/01-basic-usage.md#installing-dependencies",
        "This file is @generated automatically"
    ],
    "content-hash": "8d10f5e1317d11958443f51a08267086",
    "packages": [
        {
            "name": "roots/wordpress",
            "version": "5.9",
            "source": {
                "type": "git",
                "url": "https://github.com/WordPress/WordPress.git",
                "reference": "5.9"
            },
            "dist": {
                "type": "zip",
                "url": "https://api.github.com/repos/WordPress/WordPress/zipball/refs/tags/5.9"
            },
            "require": {
                "php": ">=5.3.2",
                "roots/wordpress-core-installer": ">=1.0.0"
            },
            "provide": {
                "wordpress/core-implementation": "5.9"
            },
            "type": "wordpress-core",
            "notification-url": "https://packagist.org/downloads/",
            "license": [
                "GPL-2.0-or-later"
            ],
            "authors": [
                {
                    "name": "WordPress Community",
                    "homepage": "https://wordpress.org/about/"
                }
            ],
            "description": "WordPress is web software you can use to create a beautiful website or blog.",
            "homepage": "https://wordpress.org/",
            "keywords": [
                "blog",
                "cms",
                "wordpress"
            ],
            "support": {
                "docs": "https://developer.wordpress.org/",
                "forum": "https://wordpress.org/support/",
                "irc": "irc://irc.freenode.net/wordpress",
                "issues": "https://core.trac.wordpress.org/",
                "rss": "https://wordpress.org/news/feed/",
                "source": "https://core.trac.wordpress.org/browser",
                "wiki": "https://codex.wordpress.org/"
            },
            "funding": [
                {
                    "url": "https://github.com/roots",
                    "type": "github"
                },
                {
                    "url": "https://www.patreon.com/rootsdev",
                    "type": "patreon"
                }
            ],
            "time": "2022-01-25T19:50:55+00:00"
        },
        {
            "name": "roots/wordpress-core-installer",
            "version": "1.100.0",
            "source": {
                "type": "git",
                "url": "https://github.com/roots/wordpress-core-installer.git",
                "reference": "73f8488e5178c5d54234b919f823a9095e2b1847"
            },
            "dist": {
                "type": "zip",
                "url": "https://api.github.com/repos/roots/wordpress-core-installer/zipball/73f8488e5178c5d54234b919f823a9095e2b1847",
                "reference": "73f8488e5178c5d54234b919f823a9095e2b1847",
                "shasum": ""
            },
            "require": {
                "composer-plugin-api": "^1.0 || ^2.0",
                "php": ">=5.6.0"
            },
            "conflict": {
                "composer/installers": "<1.0.6"
            },
            "replace": {
                "johnpbloch/wordpress-core-installer": "*"
            },
            "require-dev": {
                "composer/composer": "^1.0 || ^2.0",
                "phpunit/phpunit": ">=5.7.27"
            },
            "type": "composer-plugin",
            "extra": {
                "class": "Roots\\Composer\\WordPressCorePlugin"
            },
            "autoload": {
                "psr-4": {
                    "Roots\\Composer\\": "src/"
                }
            },
            "notification-url": "https://packagist.org/downloads/",
            "license": [
                "GPL-2.0-or-later"
            ],
            "authors": [
                {
                    "name": "John P. Bloch",
                    "email": "me@johnpbloch.com"
                },
                {
                    "name": "Roots",
                    "email": "team@roots.io"
                }
            ],
            "description": "A custom installer to handle deploying WordPress with composer",
            "keywords": [
                "wordpress"
            ],
            "support": {
                "issues": "https://github.com/roots/wordpress-core-installer/issues",
                "source": "https://github.com/roots/wordpress-core-installer/tree/master"
            },
            "funding": [
                {
                    "url": "https://github.com/roots",
                    "type": "github"
                },
                {
                    "url": "https://www.patreon.com/rootsdev",
                    "type": "patreon"
                }
            ],
            "time": "2020-08-20T00:27:30+00:00"
        },
        {
            "name": "roots/wp-password-bcrypt",
            "version": "1.1.0",
            "source": {
                "type": "git",
                "url": "https://github.com/roots/wp-password-bcrypt.git",
                "reference": "15f0d8919fb3731f79a0cf2fb47e1baecb86cb26"
            },
            "dist": {
                "type": "zip",
                "url": "https://api.github.com/repos/roots/wp-password-bcrypt/zipball/15f0d8919fb3731f79a0cf2fb47e1baecb86cb26",
                "reference": "15f0d8919fb3731f79a0cf2fb47e1baecb86cb26",
                "shasum": ""
            },
            "require": {
                "php": ">=5.6.0"
            },
            "require-dev": {
                "brain/monkey": "^2.6",
                "dealerdirect/phpcodesniffer-composer-installer": "^0.7.0",
                "mockery/mockery": "^1.4",
                "phpcompatibility/php-compatibility": "^9.3",
                "phpunit/phpunit": "<= 9.3",
                "squizlabs/php_codesniffer": "^3.5"
            },
            "type": "library",
            "autoload": {
                "files": [
                    "wp-password-bcrypt.php"
                ]
            },
            "notification-url": "https://packagist.org/downloads/",
            "license": [
                "MIT"
            ],
            "authors": [
                {
                    "name": "Scott Walkinshaw",
                    "email": "scott.walkinshaw@gmail.com",
                    "homepage": "https://github.com/swalkinshaw"
                },
                {
                    "name": "QWp6t",
                    "homepage": "https://github.com/qwp6t"
                },
                {
                    "name": "Brandon Nifong",
                    "homepage": "https://github.com/log1x"
                },
                {
                    "name": "Jan Pingel",
                    "email": "jpingel@bitpiston.com",
                    "homepage": "http://janpingel.com"
                }
            ],
            "description": "WordPress plugin which replaces wp_hash_password and wp_check_password's phpass hasher with PHP 5.5's password_hash and password_verify using bcrypt.",
            "homepage": "https://roots.io/plugins/wp-password-bcrypt",
            "keywords": [
                "bcrypt",
                "passwords",
                "wordpress"
            ],
            "support": {
                "forum": "https://discourse.roots.io/",
                "issues": "https://github.com/roots/wp-password-bcrypt/issues",
                "source": "https://github.com/roots/wp-password-bcrypt/tree/1.1.0"
            },
            "funding": [
                {
                    "url": "https://github.com/roots",
                    "type": "github"
                },
                {
                    "url": "https://www.patreon.com/rootsdev",
                    "type": "patreon"
                }
            ],
            "time": "2021-10-31T01:18:58+00:00"
        }
    ],
    "packages-dev": [],
    "aliases": [],
    "minimum-stability": "stable",
    "stability-flags": [],
    "prefer-stable": false,
    "prefer-lowest": false,
    "platform": {
        "php": ">=7.2"
    },
    "platform-dev": [],
    "plugin-api-version": "2.0.0"
}
